# This file was autogenerated by Stack.
# You should not edit this file by hand.
# For more information, please see the documentation at:
#   https://docs.haskellstack.org/en/stable/lock_files

packages:
- completed:
    hackage: open-union-0.4.0.0@sha256:1c8f8090054b0974e95e44bed88e74fff956ba2120aade6e8deea92d65ef5e49,3503
    pantry-tree:
      size: 329
      sha256: e01838ec41f7aa2a97aa2c3586c8188c4ad093ba0b2be41229ab7b8dbd33869e
  original:
    hackage: open-union-0.4.0.0
- completed:
    hackage: type-fun-0.1.3@sha256:336b851757792f201078043210aec180021ac052f0955c71fa330a5fe11b0604,1765
    pantry-tree:
      size: 583
      sha256: b977d42525f0b4223959918d18e7905085283e937493c395077b608cd19b42c1
  original:
    hackage: type-fun-0.1.3
- completed:
    hackage: github-0.26@sha256:a9d4046325c3eb28cdc7bef2c3f5bb213328caeae0b7dce6f51de655f0bffaa1,7162
    pantry-tree:
      size: 7511
      sha256: b71aab2984b268030c9e2617043575681134c1fe60dffbd5596e659c0a3e9aec
  original:
    hackage: github-0.26
- completed:
    hackage: base16-bytestring-0.1.1.7@sha256:0021256a9628971c08da95cb8f4d0d72192f3bb8a7b30b55c080562d17c43dd3,2231
    pantry-tree:
      size: 454
      sha256: 2dc99cd67293b09204098202d0bdcdcf89d2b8c69ce6c8f4e31deadbdab2a7f9
  original:
    hackage: base16-bytestring-0.1.1.7
- completed:
    hackage: http-link-header-1.0.3.1@sha256:9917c26635a46eff5d36c5344a4ae42fad2b5de79c0e300363bddd5eec66facd,1937
    pantry-tree:
      size: 990
      sha256: 155feaf856daf5b55491048c8c4726ba765a8fe79263ebdbfc82f6c385a15715
  original:
    hackage: http-link-header-1.0.3.1
snapshots:
- completed:
    size: 586286
    url: https://raw.githubusercontent.com/commercialhaskell/stackage-snapshots/master/lts/18/16.yaml
    sha256: cdead65fca0323144b346c94286186f4969bf85594d649c49c7557295675d8a5
  original: lts-18.16
