# This file was autogenerated by Stack.
# You should not edit this file by hand.
# For more information, please see the documentation at:
#   https://docs.haskellstack.org/en/stable/lock_files

packages:
- completed:
    hackage: openapi3-3.0.1.0@sha256:6d97aaf074d70c79f43dd6cc923c1f3830daa5e8b54d11d0302676d536f38011,4641
    pantry-tree:
      size: 2191
      sha256: 2b3c61a5efd9595940cfdb9877ac009e853e79093ca3f2c4dc2204effddfce78
  original:
    hackage: openapi3-3.0.1.0
- completed:
    hackage: generics-sop-0.5.1.0@sha256:e27ea888daaa96d2acdba7d3e9fc5c35e1ab9b03b65f3858d6cb9b34cd5ac1d4,5806
    pantry-tree:
      size: 1571
      sha256: 19ccba2cfd129c390c34514fd655a60617911fae20eed3a30f12a574fffea69c
  original:
    hackage: generics-sop-0.5.1.0
snapshots:
- completed:
    size: 491372
    url: https://raw.githubusercontent.com/commercialhaskell/stackage-snapshots/master/lts/15/5.yaml
    sha256: 1b549cfff328040c382a70a84a2087aac8dab6d778bf92f32a93a771a1980dfc
  original: lts-15.5
